Microsoft Visual Studio Solution File, Format Version 12.00
# Visual Studio Version 17
VisualStudioVersion = 17.9.34607.119
MinimumVisualStudioVersion = 10.0.40219.1
Project("{FAE04EC0-301F-11D3-BF4B-00C04F79EFBC}") = "HelwanUniversity", "HelwanUniversity\HelwanUniversity.csproj", "{AC521E33-957D-47E6-9284-339179AB7191}"
EndProject
Project("{FAE04EC0-301F-11D3-BF4B-00C04F79EFBC}") = "Models", "Models\Models.csproj", "{CE02FFA8-9B86-45BD-A578-387EE0237460}"
EndProject
Project("{FAE04EC0-301F-11D3-BF4B-00C04F79EFBC}") = "ViewModels", "ViewModels\ViewModels.csproj", "{0CA4A11A-821E-4BB0-8319-A56F67D5A673}"
EndProject
Project("{FAE04EC0-301F-11D3-BF4B-00C04F79EFBC}") = "Data", "Data\Data.csproj", "{A7D8B33D-D1B3-4C0D-994F-9A376BA6B2DC}"
EndProject
Global
	GlobalSection(SolutionConfigurationPlatforms) = preSolution
		Debug|Any CPU = Debug|Any CPU
		Release|Any CPU = Release|Any CPU
	EndGlobalSection
	GlobalSection(ProjectConfigurationPlatforms) = postSolution
		{AC521E33-957D-47E6-9284-339179AB7191}.Debug|Any CPU.ActiveCfg = Debug|Any CPU
		{AC521E33-957D-47E6-9284-339179AB7191}.Debug|Any CPU.Build.0 = Debug|Any CPU
		{AC521E33-957D-47E6-9284-339179AB7191}.Release|Any CPU.ActiveCfg = Release|Any CPU
		{AC521E33-957D-47E6-9284-339179AB7191}.Release|Any CPU.Build.0 = Release|Any CPU
		{CE02FFA8-9B86-45BD-A578-387EE0237460}.Debug|Any CPU.ActiveCfg = Debug|Any CPU
		{CE02FFA8-9B86-45BD-A578-387EE0237460}.Debug|Any CPU.Build.0 = Debug|Any CPU
		{CE02FFA8-9B86-45BD-A578-387EE0237460}.Release|Any CPU.ActiveCfg = Release|Any CPU
		{CE02FFA8-9B86-45BD-A578-387EE0237460}.Release|Any CPU.Build.0 = Release|Any CPU
		{0CA4A11A-821E-4BB0-8319-A56F67D5A673}.Debug|Any CPU.ActiveCfg = Debug|Any CPU
		{0CA4A11A-821E-4BB0-8319-A56F67D5A673}.Debug|Any CPU.Build.0 = Debug|Any CPU
		{0CA4A11A-821E-4BB0-8319-A56F67D5A673}.Release|Any CPU.ActiveCfg = Release|Any CPU
		{0CA4A11A-821E-4BB0-8319-A56F67D5A673}.Release|Any CPU.Build.0 = Release|Any CPU
		{A7D8B33D-D1B3-4C0D-994F-9A376BA6B2DC}.Debug|Any CPU.ActiveCfg = Debug|Any CPU
		{A7D8B33D-D1B3-4C0D-994F-9A376BA6B2DC}.Debug|Any CPU.Build.0 = Debug|Any CPU
		{A7D8B33D-D1B3-4C0D-994F-9A376BA6B2DC}.Release|Any CPU.ActiveCfg = Release|Any CPU
		{A7D8B33D-D1B3-4C0D-994F-9A376BA6B2DC}.Release|Any CPU.Build.0 = Release|Any CPU
	EndGlobalSection
	GlobalSection(SolutionProperties) = preSolution
		HideSolutionNode = FALSE
	EndGlobalSection
	GlobalSection(ExtensibilityGlobals) = postSolution
		SolutionGuid = {48EB037F-330A-435E-998B-38C4BFA57545}
	EndGlobalSection
EndGlobal
